
Microsoft Visual Studio Solution File, Format Version 12.00
# Visual Studio 15
VisualStudioVersion = 14.0.25420.1
MinimumVisualStudioVersion = 14.0.25420.1
Project("{FAE04EC0-301F-11D3-BF4B-00C04F79EFBC}") = "GestureService", "GestureService\GestureService.csproj", "{7D2A7965-26EB-494B-89AB-85B8780F8FF7}"
EndProject
Project("{FAE04EC0-301F-11D3-BF4B-00C04F79EFBC}") = "SoundService", "SoundService\SoundService.csproj", "{931C1270-850B-4C1C-A460-2641038AEBBD}"
EndProject
Global
	GlobalSection(SolutionConfigurationPlatforms) = preSolution
		Debug|Any CPU = Debug|Any CPU
		Debug|x64 = Debug|x64
		Debug|x86 = Debug|x86
		Release|Any CPU = Release|Any CPU
		Release|x64 = Release|x64
		Release|x86 = Release|x86
	EndGlobalSection
	GlobalSection(SolutionProperties) = preSolution
		HideSolutionNode = FALSE
	EndGlobalSection
	GlobalSection(ProjectConfigurationPlatforms) = postSolution
		{7D2A7965-26EB-494B-89AB-85B8780F8FF7}.Debug|Any CPU.ActiveCfg = Debug|Any CPU
		{7D2A7965-26EB-494B-89AB-85B8780F8FF7}.Debug|Any CPU.Build.0 = Debug|Any CPU
		{7D2A7965-26EB-494B-89AB-85B8780F8FF7}.Debug|x64.ActiveCfg = Debug|x64
		{7D2A7965-26EB-494B-89AB-85B8780F8FF7}.Debug|x64.Build.0 = Debug|x64
		{7D2A7965-26EB-494B-89AB-85B8780F8FF7}.Debug|x86.ActiveCfg = Debug|x86
		{7D2A7965-26EB-494B-89AB-85B8780F8FF7}.Debug|x86.Build.0 = Debug|x86
		{7D2A7965-26EB-494B-89AB-85B8780F8FF7}.Release|Any CPU.ActiveCfg = Release|Any CPU
		{7D2A7965-26EB-494B-89AB-85B8780F8FF7}.Release|Any CPU.Build.0 = Release|Any CPU
		{7D2A7965-26EB-494B-89AB-85B8780F8FF7}.Release|x64.ActiveCfg = Release|x64
		{7D2A7965-26EB-494B-89AB-85B8780F8FF7}.Release|x64.Build.0 = Release|x64
		{7D2A7965-26EB-494B-89AB-85B8780F8FF7}.Release|x86.ActiveCfg = Release|x86
		{7D2A7965-26EB-494B-89AB-85B8780F8FF7}.Release|x86.Build.0 = Release|x86
		{931C1270-850B-4C1C-A460-2641038AEBBD}.Debug|Any CPU.ActiveCfg = Debug|Any CPU
		{931C1270-850B-4C1C-A460-2641038AEBBD}.Debug|Any CPU.Build.0 = Debug|Any CPU
		{931C1270-850B-4C1C-A460-2641038AEBBD}.Debug|x64.ActiveCfg = Debug|x64
		{931C1270-850B-4C1C-A460-2641038AEBBD}.Debug|x64.Build.0 = Debug|x64
		{931C1270-850B-4C1C-A460-2641038AEBBD}.Debug|x86.ActiveCfg = Debug|x86
		{931C1270-850B-4C1C-A460-2641038AEBBD}.Debug|x86.Build.0 = Debug|x86
		{931C1270-850B-4C1C-A460-2641038AEBBD}.Release|Any CPU.ActiveCfg = Release|Any CPU
		{931C1270-850B-4C1C-A460-2641038AEBBD}.Release|Any CPU.Build.0 = Release|Any CPU
		{931C1270-850B-4C1C-A460-2641038AEBBD}.Release|x64.ActiveCfg = Release|x64
		{931C1270-850B-4C1C-A460-2641038AEBBD}.Release|x64.Build.0 = Release|x64
		{931C1270-850B-4C1C-A460-2641038AEBBD}.Release|x86.ActiveCfg = Release|x86
		{931C1270-850B-4C1C-A460-2641038AEBBD}.Release|x86.Build.0 = Release|x86
	EndGlobalSection
EndGlobal
